
Microsoft Visual Studio Solution File, Format Version 12.00
# Visual Studio Version 17
VisualStudioVersion = 17.7.34221.43
MinimumVisualStudioVersion = 10.0.40219.1
Project("{FAE04EC0-301F-11D3-BF4B-00C04F79EFBC}") = "BLAZOR_CRUD_PROJECT.Server", "Server\BLAZOR_CRUD_PROJECT.Server.csproj", "{1B587BC1-8671-49FA-AAD6-FE163E068233}"
EndProject
Project("{FAE04EC0-301F-11D3-BF4B-00C04F79EFBC}") = "BLAZOR_CRUD_PROJECT.Client", "Client\BLAZOR_CRUD_PROJECT.Client.csproj", "{548A9D97-86E9-41ED-88ED-7FEF8FC1D4BC}"
EndProject
Project("{FAE04EC0-301F-11D3-BF4B-00C04F79EFBC}") = "BLAZOR_CRUD_PROJECT.Shared", "Shared\BLAZOR_CRUD_PROJECT.Shared.csproj", "{F5671C83-C59E-4F2F-A1CA-790A5F91CDDC}"
EndProject
Global
	GlobalSection(SolutionConfigurationPlatforms) = preSolution
		Debug|Any CPU = Debug|Any CPU
		Release|Any CPU = Release|Any CPU
	EndGlobalSection
	GlobalSection(ProjectConfigurationPlatforms) = postSolution
		{1B587BC1-8671-49FA-AAD6-FE163E068233}.Debug|Any CPU.ActiveCfg = Debug|Any CPU
		{1B587BC1-8671-49FA-AAD6-FE163E068233}.Debug|Any CPU.Build.0 = Debug|Any CPU
		{1B587BC1-8671-49FA-AAD6-FE163E068233}.Release|Any CPU.ActiveCfg = Release|Any CPU
		{1B587BC1-8671-49FA-AAD6-FE163E068233}.Release|Any CPU.Build.0 = Release|Any CPU
		{548A9D97-86E9-41ED-88ED-7FEF8FC1D4BC}.Debug|Any CPU.ActiveCfg = Debug|Any CPU
		{548A9D97-86E9-41ED-88ED-7FEF8FC1D4BC}.Debug|Any CPU.Build.0 = Debug|Any CPU
		{548A9D97-86E9-41ED-88ED-7FEF8FC1D4BC}.Release|Any CPU.ActiveCfg = Release|Any CPU
		{548A9D97-86E9-41ED-88ED-7FEF8FC1D4BC}.Release|Any CPU.Build.0 = Release|Any CPU
		{F5671C83-C59E-4F2F-A1CA-790A5F91CDDC}.Debug|Any CPU.ActiveCfg = Debug|Any CPU
		{F5671C83-C59E-4F2F-A1CA-790A5F91CDDC}.Debug|Any CPU.Build.0 = Debug|Any CPU
		{F5671C83-C59E-4F2F-A1CA-790A5F91CDDC}.Release|Any CPU.ActiveCfg = Release|Any CPU
		{F5671C83-C59E-4F2F-A1CA-790A5F91CDDC}.Release|Any CPU.Build.0 = Release|Any CPU
	EndGlobalSection
	GlobalSection(SolutionProperties) = preSolution
		HideSolutionNode = FALSE
	EndGlobalSection
	GlobalSection(ExtensibilityGlobals) = postSolution
		SolutionGuid = {0607F92A-93B5-4315-9F0C-B65F16C117A9}
	EndGlobalSection
EndGlobal
